
Microsoft Visual Studio Solution File, Format Version 12.00
# Visual Studio Version 16
VisualStudioVersion = 16.0.31613.86
MinimumVisualStudioVersion = 10.0.40219.1
Project("{FAE04EC0-301F-11D3-BF4B-00C04F79EFBC}") = "PlayingWithEF", "PlayingWithEF.csproj", "{BCC251DA-E505-45D9-A0CF-EE6AA00C730A}"
EndProject
Global
	GlobalSection(SolutionConfigurationPlatforms) = preSolution
		Debug|Any CPU = Debug|Any CPU
		Release|Any CPU = Release|Any CPU
	EndGlobalSection
	GlobalSection(ProjectConfigurationPlatforms) = postSolution
		{BCC251DA-E505-45D9-A0CF-EE6AA00C730A}.Debug|Any CPU.ActiveCfg = Debug|Any CPU
		{BCC251DA-E505-45D9-A0CF-EE6AA00C730A}.Debug|Any CPU.Build.0 = Debug|Any CPU
		{BCC251DA-E505-45D9-A0CF-EE6AA00C730A}.Release|Any CPU.ActiveCfg = Release|Any CPU
		{BCC251DA-E505-45D9-A0CF-EE6AA00C730A}.Release|Any CPU.Build.0 = Release|Any CPU
	EndGlobalSection
	GlobalSection(SolutionProperties) = preSolution
		HideSolutionNode = FALSE
	EndGlobalSection
	GlobalSection(ExtensibilityGlobals) = postSolution
		SolutionGuid = {1ED39942-A4B1-4922-A25C-6ABB3A18F097}
	EndGlobalSection
EndGlobal
